// !$*UTF8*$!
{
	archiveVersion = 1;
	classes = {
	};
	objectVersion = 46;
	objects = {

/* Begin PBXBuildFile section */
		42C272A5A9A9416D127DCAF2 /* EnjoyableApp.swift in Sources */ = {isa = PBXBuildFile; fileRef = 91655265DE502E7079722EA1 /* EnjoyableApp.swift */; };
		638A77A311F492A534369AAE /* Cocoa.framework in Frameworks */ = {isa = PBXBuildFile; fileRef = 4D1DD957EB57C694E8BFAB57 /* Cocoa.framework */; };
		8CCF42AFB5F75CDF88D5CE4D /* ContentView.swift in Sources */ = {isa = PBXBuildFile; fileRef = 2A8A95A942B5E0C288B3F94E /* ContentView.swift */; };
		F9553CA8F3ECD88BFF5025D3 /* EnjoyableCore in Frameworks */ = {isa = PBXBuildFile; productRef = DA335BECD911AC4B6ED6575C /* EnjoyableCore */; };
/* End PBXBuildFile section */

/* Begin PBXFileReference section */
		2A8A95A942B5E0C288B3F94E /* ContentView.swift */ = {isa = PBXFileReference; includeInIndex = 1; lastKnownFileType = sourcecode.swift; name = ContentView.swift; path = ContentView.swift; sourceTree = "<group>"; };
		4D1DD957EB57C694E8BFAB57 /* Cocoa.framework */ = {isa = PBXFileReference; lastKnownFileType = wrapper.framework; name = Cocoa.framework; path = Platforms/MacOSX.platform/Developer/SDKs/MacOSX15.0.sdk/System/Library/Frameworks/Cocoa.framework; sourceTree = DEVELOPER_DIR; };
		91655265DE502E7079722EA1 /* EnjoyableApp.swift */ = {isa = PBXFileReference; includeInIndex = 1; lastKnownFileType = sourcecode.swift; name = EnjoyableApp.swift; path = EnjoyableApp.swift; sourceTree = "<group>"; };
		DBB0F44C860252587AD0E938 /* Enjoyable.app */ = {isa = PBXFileReference; explicitFileType = wrapper.application; includeInIndex = 0; path = Enjoyable.app; sourceTree = BUILT_PRODUCTS_DIR; };
/* End PBXFileReference section */

/* Begin PBXFrameworksBuildPhase section */
		A3C92CA75C6010829C5CCF32 /* Frameworks */ = {
			isa = PBXFrameworksBuildPhase;
			buildActionMask = 2147483647;
			files = (
				638A77A311F492A534369AAE /* Cocoa.framework in Frameworks */,
				F9553CA8F3ECD88BFF5025D3 /* EnjoyableCore in Frameworks */,
			);
			runOnlyForDeploymentPostprocessing = 0;
		};
/* End PBXFrameworksBuildPhase section */

/* Begin PBXGroup section */
		11FAE9DFAD06C1D5886F8E40 = {
			isa = PBXGroup;
			children = (
				AEB9947DB3465BA16B873451 /* Products */,
				1D985FB3DC3F3B49DE13AB0A /* Frameworks */,
				31C1C57805A82E88093B259E /* App */,
				563D9C707F9F5B44DAA7D283 /* Products */,
			);
			sourceTree = "<group>";
		};
		1D985FB3DC3F3B49DE13AB0A /* Frameworks */ = {
			isa = PBXGroup;
			children = (
				DD6315047FC088F09C774202 /* OS X */,
			);
			name = Frameworks;
			sourceTree = "<group>";
		};
		31C1C57805A82E88093B259E /* App */ = {
			isa = PBXGroup;
			children = (
				91655265DE502E7079722EA1 /* EnjoyableApp.swift */,
				2A8A95A942B5E0C288B3F94E /* ContentView.swift */,
			);
			name = App;
			path = App;
			sourceTree = "<group>";
		};
		563D9C707F9F5B44DAA7D283 /* Products */ = {
			isa = PBXGroup;
			children = (
				DBB0F44C860252587AD0E938 /* Enjoyable.app */,
			);
			name = Products;
			sourceTree = "<group>";
		};
		AEB9947DB3465BA16B873451 /* Products */ = {
			isa = PBXGroup;
			children = (
			);
			name = Products;
			sourceTree = "<group>";
		};
		DD6315047FC088F09C774202 /* OS X */ = {
			isa = PBXGroup;
			children = (
				4D1DD957EB57C694E8BFAB57 /* Cocoa.framework */,
			);
			name = "OS X";
			sourceTree = "<group>";
		};
/* End PBXGroup section */

/* Begin PBXNativeTarget section */
		640F0BC07907F5DD96EDD692 /* Enjoyable */ = {
			isa = PBXNativeTarget;
			buildConfigurationList = 817EC489B1B7BA17BD784FBE /* Build configuration list for PBXNativeTarget "Enjoyable" */;
			buildPhases = (
				30651E03F0572E7CA032E3F5 /* Sources */,
				A3C92CA75C6010829C5CCF32 /* Frameworks */,
				E5770121230A01464B8188C2 /* Resources */,
			);
			buildRules = (
			);
			dependencies = (
			);
			name = Enjoyable;
			packageProductDependencies = (
				DA335BECD911AC4B6ED6575C /* EnjoyableCore */,
			);
			productName = Enjoyable;
			productReference = DBB0F44C860252587AD0E938 /* Enjoyable.app */;
			productType = "com.apple.product-type.application";
		};
/* End PBXNativeTarget section */

/* Begin PBXProject section */
		A8A6CC9891807029D82AA58E /* Project object */ = {
			isa = PBXProject;
			attributes = {
				LastSwiftUpdateCheck = 1600;
				LastUpgradeCheck = 1600;
			};
			buildConfigurationList = 08AA68170F8D45D352E6445F /* Build configuration list for PBXProject "Enjoyable" */;
			compatibilityVersion = "Xcode 3.2";
			developmentRegion = en;
			hasScannedForEncodings = 0;
			knownRegions = (
				en,
				Base,
			);
			mainGroup = 11FAE9DFAD06C1D5886F8E40;
			minimizedProjectReferenceProxies = 0;
			packageReferences = (
				94AD789E245C9CA7C3241F4E /* XCLocalSwiftPackageReference "EnjoyableCore" */,
			);
			preferredProjectObjectVersion = 77;
			productRefGroup = AEB9947DB3465BA16B873451 /* Products */;
			projectDirPath = "";
			projectRoot = "";
			targets = (
				640F0BC07907F5DD96EDD692 /* Enjoyable */,
			);
		};
/* End PBXProject section */

/* Begin PBXResourcesBuildPhase section */
		E5770121230A01464B8188C2 /* Resources */ = {
			isa = PBXResourcesBuildPhase;
			buildActionMask = 2147483647;
			files = (
			);
			runOnlyForDeploymentPostprocessing = 0;
		};
/* End PBXResourcesBuildPhase section */

/* Begin PBXSourcesBuildPhase section */
		30651E03F0572E7CA032E3F5 /* Sources */ = {
			isa = PBXSourcesBuildPhase;
			buildActionMask = 2147483647;
			files = (
				42C272A5A9A9416D127DCAF2 /* EnjoyableApp.swift in Sources */,
				8CCF42AFB5F75CDF88D5CE4D /* ContentView.swift in Sources */,
			);
			runOnlyForDeploymentPostprocessing = 0;
		};
/* End PBXSourcesBuildPhase section */

/* Begin XCBuildConfiguration section */
		67EE720054BF678BC3BC7C54 /* Debug */ = {
			isa = XCBuildConfiguration;
			buildSettings = {
				ALWAYS_SEARCH_USER_PATHS = NO;
				CLANG_ANALYZER_NONNULL = YES;
				CLANG_ANALYZER_NUMBER_OBJECT_CONVERSION = YES_AGGRESSIVE;
				CLANG_CXX_LANGUAGE_STANDARD = "gnu++14";
				CLANG_CXX_LIBRARY = "libc++";
				CLANG_ENABLE_MODULES = YES;
				CLANG_ENABLE_OBJC_ARC = YES;
				CLANG_ENABLE_OBJC_WEAK = YES;
				CLANG_WARN_BLOCK_CAPTURE_AUTORELEASING = YES;
				CLANG_WARN_BOOL_CONVERSION = YES;
				CLANG_WARN_COMMA = YES;
				CLANG_WARN_CONSTANT_CONVERSION = YES;
				CLANG_WARN_DEPRECATED_OBJC_IMPLEMENTATIONS = YES;
				CLANG_WARN_DIRECT_OBJC_ISA_USAGE = YES_ERROR;
				CLANG_WARN_DOCUMENTATION_COMMENTS = YES;
				CLANG_WARN_EMPTY_BODY = YES;
				CLANG_WARN_ENUM_CONVERSION = YES;
				CLANG_WARN_INFINITE_RECURSION = YES;
				CLANG_WARN_INT_CONVERSION = YES;
				CLANG_WARN_NON_LITERAL_NULL_CONVERSION = YES;
				CLANG_WARN_OBJC_IMPLICIT_RETAIN_SELF = YES;
				CLANG_WARN_OBJC_LITERAL_CONVERSION = YES;
				CLANG_WARN_OBJC_ROOT_CLASS = YES_ERROR;
				CLANG_WARN_QUOTED_INCLUDE_IN_FRAMEWORK_HEADER = YES;
				CLANG_WARN_RANGE_LOOP_ANALYSIS = YES;
				CLANG_WARN_STRICT_PROTOTYPES = YES;
				CLANG_WARN_SUSPICIOUS_MOVE = YES;
				CLANG_WARN_UNGUARDED_AVAILABILITY = YES_AGGRESSIVE;
				CLANG_WARN_UNREACHABLE_CODE = YES;
				CLANG_WARN__DUPLICATE_METHOD_MATCH = YES;
				COPY_PHASE_STRIP = NO;
				DEBUG_INFORMATION_FORMAT = dwarf;
				ENABLE_STRICT_OBJC_MSGSEND = YES;
				ENABLE_TESTABILITY = YES;
				GCC_C_LANGUAGE_STANDARD = gnu11;
				GCC_DYNAMIC_NO_PIC = NO;
				GCC_NO_COMMON_BLOCKS = YES;
				GCC_OPTIMIZATION_LEVEL = 0;
				GCC_PREPROCESSOR_DEFINITIONS = (
					"DEBUG=1",
					"$(inherited)",
				);
				GCC_WARN_64_TO_32_BIT_CONVERSION = YES;
				GCC_WARN_ABOUT_RETURN_TYPE = YES_ERROR;
				GCC_WARN_UNDECLARED_SELECTOR = YES;
				GCC_WARN_UNINITIALIZED_AUTOS = YES_AGGRESSIVE;
				GCC_WARN_UNUSED_FUNCTION = YES;
				GCC_WARN_UNUSED_VARIABLE = YES;
				MACOSX_DEPLOYMENT_TARGET = 13.0;
				MTL_ENABLE_DEBUG_INFO = INCLUDE_SOURCE;
				MTL_FAST_MATH = YES;
				ONLY_ACTIVE_ARCH = YES;
				PRODUCT_NAME = "$(TARGET_NAME)";
				SWIFT_ACTIVE_COMPILATION_CONDITIONS = DEBUG;
				SWIFT_OPTIMIZATION_LEVEL = "-Onone";
				SWIFT_VERSION = 5.0;
			};
			name = Debug;
		};
		96C70B5A17530E224694D784 /* Release */ = {
			isa = XCBuildConfiguration;
			buildSettings = {
				ASSETCATALOG_COMPILER_APPICON_NAME = AppIcon;
				ASSETCATALOG_COMPILER_GLOBAL_ACCENT_COLOR_NAME = AccentColor;
				CODE_SIGN_STYLE = Automatic;
				COMBINE_HIDPI_IMAGES = YES;
				CURRENT_PROJECT_VERSION = 1;
				ENABLE_APP_SANDBOX = NO;
				GENERATE_INFOPLIST_FILE = YES;
				INFOPLIST_KEY_NSHumanReadableCopyright = "Copyright © 2026";
				LD_RUNPATH_SEARCH_PATHS = "$(inherited) @executable_path/../Frameworks";
				MACOSX_DEPLOYMENT_TARGET = 13.0;
				MARKETING_VERSION = 1.0;
				PRODUCT_BUNDLE_IDENTIFIER = com.yukkurigames.Enjoyable;
				SDKROOT = macosx;
				SWIFT_VERSION = 5.0;
			};
			name = Release;
		};
		99A698457854586C285B6F4E /* Release */ = {
			isa = XCBuildConfiguration;
			buildSettings = {
				ALWAYS_SEARCH_USER_PATHS = NO;
				CLANG_ANALYZER_NONNULL = YES;
				CLANG_ANALYZER_NUMBER_OBJECT_CONVERSION = YES_AGGRESSIVE;
				CLANG_CXX_LANGUAGE_STANDARD = "gnu++14";
				CLANG_CXX_LIBRARY = "libc++";
				CLANG_ENABLE_MODULES = YES;
				CLANG_ENABLE_OBJC_ARC = YES;
				CLANG_ENABLE_OBJC_WEAK = YES;
				CLANG_WARN_BLOCK_CAPTURE_AUTORELEASING = YES;
				CLANG_WARN_BOOL_CONVERSION = YES;
				CLANG_WARN_COMMA = YES;
				CLANG_WARN_CONSTANT_CONVERSION = YES;
				CLANG_WARN_DEPRECATED_OBJC_IMPLEMENTATIONS = YES;
				CLANG_WARN_DIRECT_OBJC_ISA_USAGE = YES_ERROR;
				CLANG_WARN_DOCUMENTATION_COMMENTS = YES;
				CLANG_WARN_EMPTY_BODY = YES;
				CLANG_WARN_ENUM_CONVERSION = YES;
				CLANG_WARN_INFINITE_RECURSION = YES;
				CLANG_WARN_INT_CONVERSION = YES;
				CLANG_WARN_NON_LITERAL_NULL_CONVERSION = YES;
				CLANG_WARN_OBJC_IMPLICIT_RETAIN_SELF = YES;
				CLANG_WARN_OBJC_LITERAL_CONVERSION = YES;
				CLANG_WARN_OBJC_ROOT_CLASS = YES_ERROR;
				CLANG_WARN_QUOTED_INCLUDE_IN_FRAMEWORK_HEADER = YES;
				CLANG_WARN_RANGE_LOOP_ANALYSIS = YES;
				CLANG_WARN_STRICT_PROTOTYPES = YES;
				CLANG_WARN_SUSPICIOUS_MOVE = YES;
				CLANG_WARN_UNGUARDED_AVAILABILITY = YES_AGGRESSIVE;
				CLANG_WARN_UNREACHABLE_CODE = YES;
				CLANG_WARN__DUPLICATE_METHOD_MATCH = YES;
				COPY_PHASE_STRIP = NO;
				DEBUG_INFORMATION_FORMAT = "dwarf-with-dsym";
				ENABLE_NS_ASSERTIONS = NO;
				ENABLE_STRICT_OBJC_MSGSEND = YES;
				GCC_C_LANGUAGE_STANDARD = gnu11;
				GCC_NO_COMMON_BLOCKS = YES;
				GCC_WARN_64_TO_32_BIT_CONVERSION = YES;
				GCC_WARN_ABOUT_RETURN_TYPE = YES_ERROR;
				GCC_WARN_UNDECLARED_SELECTOR = YES;
				GCC_WARN_UNINITIALIZED_AUTOS = YES_AGGRESSIVE;
				GCC_WARN_UNUSED_FUNCTION = YES;
				GCC_WARN_UNUSED_VARIABLE = YES;
				MACOSX_DEPLOYMENT_TARGET = 13.0;
				MTL_ENABLE_DEBUG_INFO = NO;
				MTL_FAST_MATH = YES;
				PRODUCT_NAME = "$(TARGET_NAME)";
				SWIFT_COMPILATION_MODE = wholemodule;
				SWIFT_OPTIMIZATION_LEVEL = "-O";
				SWIFT_VERSION = 5.0;
			};
			name = Release;
		};
		C1BC57F6FBF91C9428E4AE19 /* Debug */ = {
			isa = XCBuildConfiguration;
			buildSettings = {
				ASSETCATALOG_COMPILER_APPICON_NAME = AppIcon;
				ASSETCATALOG_COMPILER_GLOBAL_ACCENT_COLOR_NAME = AccentColor;
				CODE_SIGN_STYLE = Automatic;
				COMBINE_HIDPI_IMAGES = YES;
				CURRENT_PROJECT_VERSION = 1;
				ENABLE_APP_SANDBOX = NO;
				GENERATE_INFOPLIST_FILE = YES;
				INFOPLIST_KEY_NSHumanReadableCopyright = "Copyright © 2026";
				LD_RUNPATH_SEARCH_PATHS = "$(inherited) @executable_path/../Frameworks";
				MACOSX_DEPLOYMENT_TARGET = 13.0;
				MARKETING_VERSION = 1.0;
				PRODUCT_BUNDLE_IDENTIFIER = com.yukkurigames.Enjoyable;
				SDKROOT = macosx;
				SWIFT_VERSION = 5.0;
			};
			name = Debug;
		};
/* End XCBuildConfiguration section */

/* Begin XCConfigurationList section */
		08AA68170F8D45D352E6445F /* Build configuration list for PBXProject "Enjoyable" */ = {
			isa = XCConfigurationList;
			buildConfigurations = (
				67EE720054BF678BC3BC7C54 /* Debug */,
				99A698457854586C285B6F4E /* Release */,
			);
			defaultConfigurationIsVisible = 0;
			defaultConfigurationName = Release;
		};
		817EC489B1B7BA17BD784FBE /* Build configuration list for PBXNativeTarget "Enjoyable" */ = {
			isa = XCConfigurationList;
			buildConfigurations = (
				96C70B5A17530E224694D784 /* Release */,
				C1BC57F6FBF91C9428E4AE19 /* Debug */,
			);
			defaultConfigurationIsVisible = 0;
			defaultConfigurationName = Release;
		};
/* End XCConfigurationList section */

/* Begin XCLocalSwiftPackageReference section */
		94AD789E245C9CA7C3241F4E /* XCLocalSwiftPackageReference "EnjoyableCore" */ = {
			isa = XCLocalSwiftPackageReference;
			relativePath = Packages/EnjoyableCore;
		};
/* End XCLocalSwiftPackageReference section */

/* Begin XCSwiftPackageProductDependency section */
		DA335BECD911AC4B6ED6575C /* EnjoyableCore */ = {
			isa = XCSwiftPackageProductDependency;
			package = 94AD789E245C9CA7C3241F4E /* XCLocalSwiftPackageReference "EnjoyableCore" */;
			productName = EnjoyableCore;
		};
/* End XCSwiftPackageProductDependency section */
	};
	rootObject = A8A6CC9891807029D82AA58E /* Project object */;
}
